<?xml version="1.0" encoding="utf-8"?>
<Project ToolsVersion="4.0" xmlns="http://schemas.microsoft.com/developer/msbuild/2003">
  <ItemGroup>
    <ClCompile Include="AboutWindow.cpp" />
    <ClCompile Include="CommandFactory.cpp" />
    <ClCompile Include="Commands.cpp" />
    <ClCompile Include="GeneratedFiles\Debug\moc_AboutWindow.cpp" />
    <ClCompile Include="GeneratedFiles\Debug\moc_HotKeyThread.cpp" />
    <ClCompile Include="GeneratedFiles\Debug\moc_InputWindow.cpp" />
    <ClCompile Include="GeneratedFiles\Debug\moc_TaskEntry.cpp" />
    <ClCompile Include="GeneratedFiles\Release\moc_AboutWindow.cpp" />
    <ClCompile Include="GeneratedFiles\Release\moc_HotKeyThread.cpp" />
    <ClCompile Include="GeneratedFiles\Release\moc_InputWindow.cpp" />
    <ClCompile Include="GeneratedFiles\Release\moc_TaskEntry.cpp" />
    <ClCompile Include="HotKeyThread.cpp" />
    <ClCompile Include="InputWindow.cpp" />
    <ClCompile Include="Task.cpp" />
    <ClCompile Include="Exceptions.cpp" />
    <ClCompile Include="GeneratedFiles\Debug\moc_TaskWindow.cpp" />
    <ClCompile Include="GeneratedFiles\qrc_Resources.cpp" />
    <ClCompile Include="GeneratedFiles\Release\moc_TaskWindow.cpp" />
    <ClCompile Include="main.cpp" />
    <ClCompile Include="TaskEntry.cpp" />
    <ClCompile Include="TaskWindow.cpp" />
    <ClCompile Include="Tasuke.cpp" />
    <ClCompile Include="Storage.cpp" />
  </ItemGroup>
  <ItemGroup>
    <ClInclude Include="CommandFactory.h" />
    <ClInclude Include="Commands.h" />
    <ClInclude Include="Constants.h" />
    <ClInclude Include="GeneratedFiles\ui_AboutWindow.h" />
    <ClInclude Include="GeneratedFiles\ui_InputWindow.h" />
    <ClInclude Include="GeneratedFiles\ui_TaskEntry.h" />
    <ClInclude Include="Task.h" />
    <ClInclude Include="Exceptions.h" />
    <ClInclude Include="GeneratedFiles\ui_TaskWindow.h" />
    <ClInclude Include="Tasuke.h" />
  </ItemGroup>
  <ItemGroup>
    <CustomBuild Include="TaskWindow.h" />
    <CustomBuild Include="TaskWindow.ui" />
    <CustomBuild Include="AboutWindow.h" />
    <CustomBuild Include="InputWindow.h" />
    <CustomBuild Include="HotKeyThread.h" />
    <CustomBuild Include="TaskEntry.h" />
    <CustomBuild Include="Storage.h" />
    <CustomBuild Include="Resources.qrc" />
    <CustomBuild Include="InputWindow.ui" />
    <CustomBuild Include="AboutWindow.ui" />
    <CustomBuild Include="TaskEntry.ui" />
  </ItemGroup>
  <ItemGroup>
    <ResourceCompile Include="Tasuke.rc" />
  </ItemGroup>
</Project>